{
  "name": "homebridge-envisalink-ademco",
  "version": "1.1.26",
  "lockfileVersion": 2,
  "requires": true,
  "packages": {
    "": {
      "name": "homebridge-envisalink-ademco",
      "version": "1.1.26",
      "license": "MIT",
      "dependencies": {
        "hex2dec": "^1.1.2",
        "net": ">=1.0",
        "timediff": "^1.1.1"
      },
      "engines": {
        "homebridge": "^1.1.0",
        "node": ">=12.0.0"
      }
    },
    "node_modules/hex2dec": {
      "version": "1.1.2",
      "resolved": "https://registry.npmjs.org/hex2dec/-/hex2dec-1.1.2.tgz",
      "integrity": "sha512-Yu+q/XWr2fFQ11tHxPq4p4EiNkb2y+lAacJNhAdRXVfRIcDH6gi7htWFnnlIzvqHMHoWeIsfXlNAjZInpAOJDA=="
    },
    "node_modules/moment": {
      "version": "2.29.2",
      "resolved": "https://registry.npmjs.org/moment/-/moment-2.29.1.tgz",
      "integrity": "sha512-kHmoybcPV8Sqy59DwNDY3Jefr64lK/by/da0ViFcuA4DH0vQg5Q6Ze5VimxkfQNSC+Mls/Kx53s7TjP1RhFEDQ==",
      "engines": {
        "node": "*"
      }
    },
    "node_modules/net": {
      "version": "1.0.2",
      "resolved": "https://registry.npmjs.org/net/-/net-1.0.2.tgz",
      "integrity": "sha1-0XV+yaf7I3HYPPR1XOPifhCCk4g="
    },
    "node_modules/timediff": {
      "version": "1.1.1",
      "resolved": "https://registry.npmjs.org/timediff/-/timediff-1.1.1.tgz",
      "integrity": "sha1-ZkN6+bCUAicR596FDssAqfNAfTg=",
      "dependencies": {
        "moment": "^2.9.0"
      },
      "bin": {
        "timediff": "cli.js"
      },
      "engines": {
        "node": ">=0.10.0"
      }
    }
  },
  "dependencies": {
    "hex2dec": {
      "version": "1.1.2",
      "resolved": "https://registry.npmjs.org/hex2dec/-/hex2dec-1.1.2.tgz",
      "integrity": "sha512-Yu+q/XWr2fFQ11tHxPq4p4EiNkb2y+lAacJNhAdRXVfRIcDH6gi7htWFnnlIzvqHMHoWeIsfXlNAjZInpAOJDA=="
    },
    "moment": {
      "version": "2.29.1",
      "resolved": "https://registry.npmjs.org/moment/-/moment-2.29.1.tgz",
      "integrity": "sha512-kHmoybcPV8Sqy59DwNDY3Jefr64lK/by/da0ViFcuA4DH0vQg5Q6Ze5VimxkfQNSC+Mls/Kx53s7TjP1RhFEDQ=="
    },
    "net": {
      "version": "1.0.2",
      "resolved": "https://registry.npmjs.org/net/-/net-1.0.2.tgz",
      "integrity": "sha1-0XV+yaf7I3HYPPR1XOPifhCCk4g="
    },
    "timediff": {
      "version": "1.1.1",
      "resolved": "https://registry.npmjs.org/timediff/-/timediff-1.1.1.tgz",
      "integrity": "sha1-ZkN6+bCUAicR596FDssAqfNAfTg=",
      "requires": {
        "moment": "^2.9.0"
      }
    }
  }
}
